
Microsoft Visual Studio Solution File, Format Version 12.00
# Visual Studio Version 16
VisualStudioVersion = 16.0.31624.102
MinimumVisualStudioVersion = 10.0.40219.1
Project("{FAE04EC0-301F-11D3-BF4B-00C04F79EFBC}") = "INFHW_05", "INFHW_05\INFHW_05.csproj", "{13089385-085C-4B38-819D-5FAA2EEB44A0}"
EndProject
Global
	GlobalSection(SolutionConfigurationPlatforms) = preSolution
		Debug|Any CPU = Debug|Any CPU
		Release|Any CPU = Release|Any CPU
	EndGlobalSection
	GlobalSection(ProjectConfigurationPlatforms) = postSolution
		{13089385-085C-4B38-819D-5FAA2EEB44A0}.Debug|Any CPU.ActiveCfg = Debug|Any CPU
		{13089385-085C-4B38-819D-5FAA2EEB44A0}.Debug|Any CPU.Build.0 = Debug|Any CPU
		{13089385-085C-4B38-819D-5FAA2EEB44A0}.Release|Any CPU.ActiveCfg = Release|Any CPU
		{13089385-085C-4B38-819D-5FAA2EEB44A0}.Release|Any CPU.Build.0 = Release|Any CPU
	EndGlobalSection
	GlobalSection(SolutionProperties) = preSolution
		HideSolutionNode = FALSE
	EndGlobalSection
	GlobalSection(ExtensibilityGlobals) = postSolution
		SolutionGuid = {27BA01DF-10F2-492E-8C20-3A62DB8C0A73}
	EndGlobalSection
EndGlobal
